
Microsoft Visual Studio Solution File, Format Version 12.00
# Visual Studio Version 17
VisualStudioVersion = 17.10.35027.167
MinimumVisualStudioVersion = 10.0.40219.1
Project("{9A19103F-16F7-4668-BE54-9A1E7A4F7556}") = "DPM225458_PhamhuuPhuoc_Myworld12_Chain of Responsibility", "DPM225458_PhamhuuPhuoc_Myworld12_Chain of Responsibility.csproj", "{29DA7156-A48E-4CEA-B4F2-7BC4E604FED3}"
EndProject
Global
	GlobalSection(SolutionConfigurationPlatforms) = preSolution
		Debug|Any CPU = Debug|Any CPU
		Release|Any CPU = Release|Any CPU
	EndGlobalSection
	GlobalSection(ProjectConfigurationPlatforms) = postSolution
		{29DA7156-A48E-4CEA-B4F2-7BC4E604FED3}.Debug|Any CPU.ActiveCfg = Debug|Any CPU
		{29DA7156-A48E-4CEA-B4F2-7BC4E604FED3}.Debug|Any CPU.Build.0 = Debug|Any CPU
		{29DA7156-A48E-4CEA-B4F2-7BC4E604FED3}.Release|Any CPU.ActiveCfg = Release|Any CPU
		{29DA7156-A48E-4CEA-B4F2-7BC4E604FED3}.Release|Any CPU.Build.0 = Release|Any CPU
	EndGlobalSection
	GlobalSection(SolutionProperties) = preSolution
		HideSolutionNode = FALSE
	EndGlobalSection
	GlobalSection(ExtensibilityGlobals) = postSolution
		SolutionGuid = {562ECDC8-4590-4E2C-BAF3-A522759D9FDF}
	EndGlobalSection
EndGlobal
