
Microsoft Visual Studio Solution File, Format Version 12.00
# Visual Studio Version 17
VisualStudioVersion = 17.10.35027.167
MinimumVisualStudioVersion = 10.0.40219.1
Project("{FAE04EC0-301F-11D3-BF4B-00C04F79EFBC}") = "DPM225458_PhamHuuPhuoc_Facade10_Real", "DPM225458_PhamHuuPhuoc_Facade10_Real.csproj", "{082535A9-E2B1-4E50-A244-D003805EC8AB}"
EndProject
Project("{FAE04EC0-301F-11D3-BF4B-00C04F79EFBC}") = "Facade10_pattern", "..\Facade10_pattern\Facade10_pattern.csproj", "{7B2AC68F-CF89-44FD-AF5F-BF0715D38BE8}"
EndProject
Global
	GlobalSection(SolutionConfigurationPlatforms) = preSolution
		Debug|Any CPU = Debug|Any CPU
		Release|Any CPU = Release|Any CPU
	EndGlobalSection
	GlobalSection(ProjectConfigurationPlatforms) = postSolution
		{082535A9-E2B1-4E50-A244-D003805EC8AB}.Debug|Any CPU.ActiveCfg = Debug|Any CPU
		{082535A9-E2B1-4E50-A244-D003805EC8AB}.Debug|Any CPU.Build.0 = Debug|Any CPU
		{082535A9-E2B1-4E50-A244-D003805EC8AB}.Release|Any CPU.ActiveCfg = Release|Any CPU
		{082535A9-E2B1-4E50-A244-D003805EC8AB}.Release|Any CPU.Build.0 = Release|Any CPU
		{7B2AC68F-CF89-44FD-AF5F-BF0715D38BE8}.Debug|Any CPU.ActiveCfg = Debug|Any CPU
		{7B2AC68F-CF89-44FD-AF5F-BF0715D38BE8}.Debug|Any CPU.Build.0 = Debug|Any CPU
		{7B2AC68F-CF89-44FD-AF5F-BF0715D38BE8}.Release|Any CPU.ActiveCfg = Release|Any CPU
		{7B2AC68F-CF89-44FD-AF5F-BF0715D38BE8}.Release|Any CPU.Build.0 = Release|Any CPU
	EndGlobalSection
	GlobalSection(SolutionProperties) = preSolution
		HideSolutionNode = FALSE
	EndGlobalSection
	GlobalSection(ExtensibilityGlobals) = postSolution
		SolutionGuid = {79EAC4EA-0232-4EF0-8B1F-6E3230DA6738}
	EndGlobalSection
EndGlobal
