
Microsoft Visual Studio Solution File, Format Version 12.00
# Visual Studio Version 17
VisualStudioVersion = 17.10.35027.167
MinimumVisualStudioVersion = 10.0.40219.1
Project("{9A19103F-16F7-4668-BE54-9A1E7A4F7556}") = "DPM225458_PhamHuuPhuoc_Myworld09_Facade", "DPM225458_PhamHuuPhuoc_Myworld09_Facade.csproj", "{F478196D-1884-4A39-AD75-F65DDD04CDA1}"
EndProject
Global
	GlobalSection(SolutionConfigurationPlatforms) = preSolution
		Debug|Any CPU = Debug|Any CPU
		Release|Any CPU = Release|Any CPU
	EndGlobalSection
	GlobalSection(ProjectConfigurationPlatforms) = postSolution
		{F478196D-1884-4A39-AD75-F65DDD04CDA1}.Debug|Any CPU.ActiveCfg = Debug|Any CPU
		{F478196D-1884-4A39-AD75-F65DDD04CDA1}.Debug|Any CPU.Build.0 = Debug|Any CPU
		{F478196D-1884-4A39-AD75-F65DDD04CDA1}.Release|Any CPU.ActiveCfg = Release|Any CPU
		{F478196D-1884-4A39-AD75-F65DDD04CDA1}.Release|Any CPU.Build.0 = Release|Any CPU
	EndGlobalSection
	GlobalSection(SolutionProperties) = preSolution
		HideSolutionNode = FALSE
	EndGlobalSection
	GlobalSection(ExtensibilityGlobals) = postSolution
		SolutionGuid = {86F35A32-F832-47BF-A457-2363647378D5}
	EndGlobalSection
EndGlobal
