
Microsoft Visual Studio Solution File, Format Version 12.00
# Visual Studio Version 17
VisualStudioVersion = 17.10.35027.167
MinimumVisualStudioVersion = 10.0.40219.1
Project("{FAE04EC0-301F-11D3-BF4B-00C04F79EFBC}") = "Decorator-Structural", "Decorator-Structural.csproj", "{9568B60B-346A-41E0-BFD7-B724713605D5}"
EndProject
Project("{FAE04EC0-301F-11D3-BF4B-00C04F79EFBC}") = "Decorator-Real-world", "..\Decorator-Real-world\Decorator-Real-world.csproj", "{A0EC1EC2-1516-434B-9AB8-8D1CC834D713}"
EndProject
Global
	GlobalSection(SolutionConfigurationPlatforms) = preSolution
		Debug|Any CPU = Debug|Any CPU
		Release|Any CPU = Release|Any CPU
	EndGlobalSection
	GlobalSection(ProjectConfigurationPlatforms) = postSolution
		{9568B60B-346A-41E0-BFD7-B724713605D5}.Debug|Any CPU.ActiveCfg = Debug|Any CPU
		{9568B60B-346A-41E0-BFD7-B724713605D5}.Debug|Any CPU.Build.0 = Debug|Any CPU
		{9568B60B-346A-41E0-BFD7-B724713605D5}.Release|Any CPU.ActiveCfg = Release|Any CPU
		{9568B60B-346A-41E0-BFD7-B724713605D5}.Release|Any CPU.Build.0 = Release|Any CPU
		{A0EC1EC2-1516-434B-9AB8-8D1CC834D713}.Debug|Any CPU.ActiveCfg = Debug|Any CPU
		{A0EC1EC2-1516-434B-9AB8-8D1CC834D713}.Debug|Any CPU.Build.0 = Debug|Any CPU
		{A0EC1EC2-1516-434B-9AB8-8D1CC834D713}.Release|Any CPU.ActiveCfg = Release|Any CPU
		{A0EC1EC2-1516-434B-9AB8-8D1CC834D713}.Release|Any CPU.Build.0 = Release|Any CPU
	EndGlobalSection
	GlobalSection(SolutionProperties) = preSolution
		HideSolutionNode = FALSE
	EndGlobalSection
	GlobalSection(ExtensibilityGlobals) = postSolution
		SolutionGuid = {C14ECB83-05ED-4894-88F3-5BF698347E42}
	EndGlobalSection
EndGlobal
